
Microsoft Visual Studio Solution File, Format Version 12.00
# Visual Studio 15
VisualStudioVersion = 15.0.26206.0
MinimumVisualStudioVersion = 10.0.40219.1
Project("{FAE04EC0-301F-11D3-BF4B-00C04F79EFBC}") = "GTANetworkClient", "Client\GTANetworkClient.csproj", "{1BC495C9-DC44-478A-9E16-3FC482A8B850}"
EndProject
Project("{FAE04EC0-301F-11D3-BF4B-00C04F79EFBC}") = "GTANetworkServer", "Server\GTANetworkServer.csproj", "{559EE224-BF7B-49D8-9CEE-11E6BA71FE4E}"
EndProject
Project("{FAE04EC0-301F-11D3-BF4B-00C04F79EFBC}") = "GTANetworkShared", "Shared\GTANetworkShared.csproj", "{9A4E6062-2CC6-40A4-A2CD-A8EC6CCA2E8E}"
EndProject
Project("{FAE04EC0-301F-11D3-BF4B-00C04F79EFBC}") = "ScriptHookVDotNet", "scripthookvdotnet-dev_v3\ScriptHookVDotNet.csproj", "{61165C1A-6BFE-4776-B371-5A3FDB1A2ED7}"
EndProject
Project("{FAE04EC0-301F-11D3-BF4B-00C04F79EFBC}") = "NativeUI", "NativeUI-shvdn3\NativeUI.csproj", "{F3E16ED9-DBF7-4E7B-B04B-9B24B11891D3}"
EndProject
Project("{FAE04EC0-301F-11D3-BF4B-00C04F79EFBC}") = "GTANSubprocess", "Subprocess\GTANSubprocess\GTANSubprocess.csproj", "{5602DD20-B327-487C-81AC-D2451FDC3B18}"
EndProject
Project("{FAE04EC0-301F-11D3-BF4B-00C04F79EFBC}") = "PlayGTANetwork", "Subprocess\PlayGTANetwork\PlayGTANetwork.csproj", "{46B260B6-37B5-4089-AD88-90BE463804E2}"
EndProject
Global
	GlobalSection(SolutionConfigurationPlatforms) = preSolution
		Debug|Any CPU = Debug|Any CPU
		Debug|x64 = Debug|x64
		Debug|x86 = Debug|x86
		Release|Any CPU = Release|Any CPU
		Release|x64 = Release|x64
		Release|x86 = Release|x86
	EndGlobalSection
	GlobalSection(ProjectConfigurationPlatforms) = postSolution
		{1BC495C9-DC44-478A-9E16-3FC482A8B850}.Debug|Any CPU.ActiveCfg = Debug|Any CPU
		{1BC495C9-DC44-478A-9E16-3FC482A8B850}.Debug|Any CPU.Build.0 = Debug|Any CPU
		{1BC495C9-DC44-478A-9E16-3FC482A8B850}.Debug|x64.ActiveCfg = Debug|Any CPU
		{1BC495C9-DC44-478A-9E16-3FC482A8B850}.Debug|x64.Build.0 = Debug|Any CPU
		{1BC495C9-DC44-478A-9E16-3FC482A8B850}.Debug|x86.ActiveCfg = Debug|x86
		{1BC495C9-DC44-478A-9E16-3FC482A8B850}.Debug|x86.Build.0 = Debug|x86
		{1BC495C9-DC44-478A-9E16-3FC482A8B850}.Release|Any CPU.ActiveCfg = Release|Any CPU
		{1BC495C9-DC44-478A-9E16-3FC482A8B850}.Release|Any CPU.Build.0 = Release|Any CPU
		{1BC495C9-DC44-478A-9E16-3FC482A8B850}.Release|x64.ActiveCfg = Release|Any CPU
		{1BC495C9-DC44-478A-9E16-3FC482A8B850}.Release|x64.Build.0 = Release|Any CPU
		{1BC495C9-DC44-478A-9E16-3FC482A8B850}.Release|x86.ActiveCfg = Release|x86
		{1BC495C9-DC44-478A-9E16-3FC482A8B850}.Release|x86.Build.0 = Release|x86
		{559EE224-BF7B-49D8-9CEE-11E6BA71FE4E}.Debug|Any CPU.ActiveCfg = Debug|Any CPU
		{559EE224-BF7B-49D8-9CEE-11E6BA71FE4E}.Debug|Any CPU.Build.0 = Debug|Any CPU
		{559EE224-BF7B-49D8-9CEE-11E6BA71FE4E}.Debug|x64.ActiveCfg = Debug|Any CPU
		{559EE224-BF7B-49D8-9CEE-11E6BA71FE4E}.Debug|x64.Build.0 = Debug|Any CPU
		{559EE224-BF7B-49D8-9CEE-11E6BA71FE4E}.Debug|x86.ActiveCfg = Debug|x86
		{559EE224-BF7B-49D8-9CEE-11E6BA71FE4E}.Debug|x86.Build.0 = Debug|x86
		{559EE224-BF7B-49D8-9CEE-11E6BA71FE4E}.Release|Any CPU.ActiveCfg = Release|Any CPU
		{559EE224-BF7B-49D8-9CEE-11E6BA71FE4E}.Release|Any CPU.Build.0 = Release|Any CPU
		{559EE224-BF7B-49D8-9CEE-11E6BA71FE4E}.Release|x64.ActiveCfg = Release|Any CPU
		{559EE224-BF7B-49D8-9CEE-11E6BA71FE4E}.Release|x64.Build.0 = Release|Any CPU
		{559EE224-BF7B-49D8-9CEE-11E6BA71FE4E}.Release|x86.ActiveCfg = Release|x86
		{559EE224-BF7B-49D8-9CEE-11E6BA71FE4E}.Release|x86.Build.0 = Release|x86
		{9A4E6062-2CC6-40A4-A2CD-A8EC6CCA2E8E}.Debug|Any CPU.ActiveCfg = Debug|Any CPU
		{9A4E6062-2CC6-40A4-A2CD-A8EC6CCA2E8E}.Debug|Any CPU.Build.0 = Debug|Any CPU
		{9A4E6062-2CC6-40A4-A2CD-A8EC6CCA2E8E}.Debug|x64.ActiveCfg = Debug|Any CPU
		{9A4E6062-2CC6-40A4-A2CD-A8EC6CCA2E8E}.Debug|x64.Build.0 = Debug|Any CPU
		{9A4E6062-2CC6-40A4-A2CD-A8EC6CCA2E8E}.Debug|x86.ActiveCfg = Debug|x86
		{9A4E6062-2CC6-40A4-A2CD-A8EC6CCA2E8E}.Debug|x86.Build.0 = Debug|x86
		{9A4E6062-2CC6-40A4-A2CD-A8EC6CCA2E8E}.Release|Any CPU.ActiveCfg = Release|Any CPU
		{9A4E6062-2CC6-40A4-A2CD-A8EC6CCA2E8E}.Release|Any CPU.Build.0 = Release|Any CPU
		{9A4E6062-2CC6-40A4-A2CD-A8EC6CCA2E8E}.Release|x64.ActiveCfg = Release|Any CPU
		{9A4E6062-2CC6-40A4-A2CD-A8EC6CCA2E8E}.Release|x64.Build.0 = Release|Any CPU
		{9A4E6062-2CC6-40A4-A2CD-A8EC6CCA2E8E}.Release|x86.ActiveCfg = Release|x86
		{9A4E6062-2CC6-40A4-A2CD-A8EC6CCA2E8E}.Release|x86.Build.0 = Release|x86
		{61165C1A-6BFE-4776-B371-5A3FDB1A2ED7}.Debug|Any CPU.ActiveCfg = Release|x64
		{61165C1A-6BFE-4776-B371-5A3FDB1A2ED7}.Debug|Any CPU.Build.0 = Release|x64
		{61165C1A-6BFE-4776-B371-5A3FDB1A2ED7}.Debug|x64.ActiveCfg = Release|x64
		{61165C1A-6BFE-4776-B371-5A3FDB1A2ED7}.Debug|x64.Build.0 = Release|x64
		{61165C1A-6BFE-4776-B371-5A3FDB1A2ED7}.Debug|x86.ActiveCfg = Release|x64
		{61165C1A-6BFE-4776-B371-5A3FDB1A2ED7}.Debug|x86.Build.0 = Release|x64
		{61165C1A-6BFE-4776-B371-5A3FDB1A2ED7}.Release|Any CPU.ActiveCfg = Release|x64
		{61165C1A-6BFE-4776-B371-5A3FDB1A2ED7}.Release|x64.ActiveCfg = Release|x64
		{61165C1A-6BFE-4776-B371-5A3FDB1A2ED7}.Release|x64.Build.0 = Release|x64
		{61165C1A-6BFE-4776-B371-5A3FDB1A2ED7}.Release|x86.ActiveCfg = Release|x64
		{F3E16ED9-DBF7-4E7B-B04B-9B24B11891D3}.Debug|Any CPU.ActiveCfg = Debug|Any CPU
		{F3E16ED9-DBF7-4E7B-B04B-9B24B11891D3}.Debug|Any CPU.Build.0 = Debug|Any CPU
		{F3E16ED9-DBF7-4E7B-B04B-9B24B11891D3}.Debug|x64.ActiveCfg = Debug|Any CPU
		{F3E16ED9-DBF7-4E7B-B04B-9B24B11891D3}.Debug|x64.Build.0 = Debug|Any CPU
		{F3E16ED9-DBF7-4E7B-B04B-9B24B11891D3}.Debug|x86.ActiveCfg = Debug|Any CPU
		{F3E16ED9-DBF7-4E7B-B04B-9B24B11891D3}.Debug|x86.Build.0 = Debug|Any CPU
		{F3E16ED9-DBF7-4E7B-B04B-9B24B11891D3}.Release|Any CPU.ActiveCfg = Release|Any CPU
		{F3E16ED9-DBF7-4E7B-B04B-9B24B11891D3}.Release|Any CPU.Build.0 = Release|Any CPU
		{F3E16ED9-DBF7-4E7B-B04B-9B24B11891D3}.Release|x64.ActiveCfg = Release|Any CPU
		{F3E16ED9-DBF7-4E7B-B04B-9B24B11891D3}.Release|x64.Build.0 = Release|Any CPU
		{F3E16ED9-DBF7-4E7B-B04B-9B24B11891D3}.Release|x86.ActiveCfg = Release|Any CPU
		{F3E16ED9-DBF7-4E7B-B04B-9B24B11891D3}.Release|x86.Build.0 = Release|Any CPU
		{5602DD20-B327-487C-81AC-D2451FDC3B18}.Debug|Any CPU.ActiveCfg = Debug|Any CPU
		{5602DD20-B327-487C-81AC-D2451FDC3B18}.Debug|Any CPU.Build.0 = Debug|Any CPU
		{5602DD20-B327-487C-81AC-D2451FDC3B18}.Debug|x64.ActiveCfg = Debug|Any CPU
		{5602DD20-B327-487C-81AC-D2451FDC3B18}.Debug|x64.Build.0 = Debug|Any CPU
		{5602DD20-B327-487C-81AC-D2451FDC3B18}.Debug|x86.ActiveCfg = Debug|x86
		{5602DD20-B327-487C-81AC-D2451FDC3B18}.Debug|x86.Build.0 = Debug|x86
		{5602DD20-B327-487C-81AC-D2451FDC3B18}.Release|Any CPU.ActiveCfg = Release|Any CPU
		{5602DD20-B327-487C-81AC-D2451FDC3B18}.Release|Any CPU.Build.0 = Release|Any CPU
		{5602DD20-B327-487C-81AC-D2451FDC3B18}.Release|x64.ActiveCfg = Release|Any CPU
		{5602DD20-B327-487C-81AC-D2451FDC3B18}.Release|x64.Build.0 = Release|Any CPU
		{5602DD20-B327-487C-81AC-D2451FDC3B18}.Release|x86.ActiveCfg = Release|x86
		{5602DD20-B327-487C-81AC-D2451FDC3B18}.Release|x86.Build.0 = Release|x86
		{46B260B6-37B5-4089-AD88-90BE463804E2}.Debug|Any CPU.ActiveCfg = Debug|Any CPU
		{46B260B6-37B5-4089-AD88-90BE463804E2}.Debug|Any CPU.Build.0 = Debug|Any CPU
		{46B260B6-37B5-4089-AD88-90BE463804E2}.Debug|x64.ActiveCfg = Debug|Any CPU
		{46B260B6-37B5-4089-AD88-90BE463804E2}.Debug|x64.Build.0 = Debug|Any CPU
		{46B260B6-37B5-4089-AD88-90BE463804E2}.Debug|x86.ActiveCfg = Debug|x86
		{46B260B6-37B5-4089-AD88-90BE463804E2}.Debug|x86.Build.0 = Debug|x86
		{46B260B6-37B5-4089-AD88-90BE463804E2}.Release|Any CPU.ActiveCfg = Release|Any CPU
		{46B260B6-37B5-4089-AD88-90BE463804E2}.Release|Any CPU.Build.0 = Release|Any CPU
		{46B260B6-37B5-4089-AD88-90BE463804E2}.Release|x64.ActiveCfg = Release|Any CPU
		{46B260B6-37B5-4089-AD88-90BE463804E2}.Release|x64.Build.0 = Release|Any CPU
		{46B260B6-37B5-4089-AD88-90BE463804E2}.Release|x86.ActiveCfg = Release|x86
		{46B260B6-37B5-4089-AD88-90BE463804E2}.Release|x86.Build.0 = Release|x86
	EndGlobalSection
	GlobalSection(SolutionProperties) = preSolution
		HideSolutionNode = FALSE
	EndGlobalSection
	GlobalSection(ExtensibilityGlobals) = postSolution
		SolutionGuid = {D196EAF1-AB4F-4780-B405-6AB165B05F94}
	EndGlobalSection
EndGlobal
